// !$*UTF8*$!
{
	archiveVersion = 1;
	classes = {
	};
	objectVersion = 50;
	objects = {

/* Begin PBXBuildFile section */
		9F694B2E22A8F8E60020944E /* AppDelegate.swift in Sources */ = {isa = PBXBuildFile; fileRef = 9F694B2D22A8F8E60020944E /* AppDelegate.swift */; };
		9F694B3022A8F8E60020944E /* SceneDelegate.swift in Sources */ = {isa = PBXBuildFile; fileRef = 9F694B2F22A8F8E60020944E /* SceneDelegate.swift */; };
		9F694B3422A8F8EA0020944E /* Assets.xcassets in Resources */ = {isa = PBXBuildFile; fileRef = 9F694B3322A8F8EA0020944E /* Assets.xcassets */; };
		9F694B3722A8F8EA0020944E /* Preview Assets.xcassets in Resources */ = {isa = PBXBuildFile; fileRef = 9F694B3622A8F8EA0020944E /* Preview Assets.xcassets */; };
		9F694B3A22A8F8EA0020944E /* LaunchScreen.storyboard in Resources */ = {isa = PBXBuildFile; fileRef = 9F694B3822A8F8EA0020944E /* LaunchScreen.storyboard */; };
		9F694B4222A8F91F0020944E /* ListModel.swift in Sources */ = {isa = PBXBuildFile; fileRef = 9F694B4122A8F91F0020944E /* ListModel.swift */; };
		9F694B4822A8F95D0020944E /* ListView.swift in Sources */ = {isa = PBXBuildFile; fileRef = 9F694B4722A8F95D0020944E /* ListView.swift */; };
		9F694B4A22A8F9930020944E /* DetailView.swift in Sources */ = {isa = PBXBuildFile; fileRef = 9F694B4922A8F9930020944E /* DetailView.swift */; };
		9F694B4C22A8F9ED0020944E /* README.md in Resources */ = {isa = PBXBuildFile; fileRef = 9F694B4B22A8F9ED0020944E /* README.md */; };
/* End PBXBuildFile section */

/* Begin PBXFileReference section */
		9F694B2A22A8F8E60020944E /* SwiftUI-TableView.app */ = {isa = PBXFileReference; explicitFileType = wrapper.application; includeInIndex = 0; path = "SwiftUI-TableView.app"; sourceTree = BUILT_PRODUCTS_DIR; };
		9F694B2D22A8F8E60020944E /* AppDelegate.swift */ = {isa = PBXFileReference; lastKnownFileType = sourcecode.swift; path = AppDelegate.swift; sourceTree = "<group>"; };
		9F694B2F22A8F8E60020944E /* SceneDelegate.swift */ = {isa = PBXFileReference; lastKnownFileType = sourcecode.swift; path = SceneDelegate.swift; sourceTree = "<group>"; };
		9F694B3322A8F8EA0020944E /* Assets.xcassets */ = {isa = PBXFileReference; lastKnownFileType = folder.assetcatalog; path = Assets.xcassets; sourceTree = "<group>"; };
		9F694B3622A8F8EA0020944E /* Preview Assets.xcassets */ = {isa = PBXFileReference; lastKnownFileType = folder.assetcatalog; path = "Preview Assets.xcassets"; sourceTree = "<group>"; };
		9F694B3922A8F8EA0020944E /* Base */ = {isa = PBXFileReference; lastKnownFileType = file.storyboard; name = Base; path = Base.lproj/LaunchScreen.storyboard; sourceTree = "<group>"; };
		9F694B3B22A8F8EA0020944E /* Info.plist */ = {isa = PBXFileReference; lastKnownFileType = text.plist.xml; path = Info.plist; sourceTree = "<group>"; };
		9F694B4122A8F91F0020944E /* ListModel.swift */ = {isa = PBXFileReference; fileEncoding = 4; lastKnownFileType = sourcecode.swift; path = ListModel.swift; sourceTree = "<group>"; };
		9F694B4722A8F95D0020944E /* ListView.swift */ = {isa = PBXFileReference; fileEncoding = 4; lastKnownFileType = sourcecode.swift; path = ListView.swift; sourceTree = "<group>"; };
		9F694B4922A8F9930020944E /* DetailView.swift */ = {isa = PBXFileReference; fileEncoding = 4; lastKnownFileType = sourcecode.swift; path = DetailView.swift; sourceTree = "<group>"; };
		9F694B4B22A8F9ED0020944E /* README.md */ = {isa = PBXFileReference; fileEncoding = 4; lastKnownFileType = net.daringfireball.markdown; path = README.md; sourceTree = "<group>"; };
/* End PBXFileReference section */

/* Begin PBXFrameworksBuildPhase section */
		9F694B2722A8F8E60020944E /* Frameworks */ = {
			isa = PBXFrameworksBuildPhase;
			buildActionMask = 2147483647;
			files = (
			);
			runOnlyForDeploymentPostprocessing = 0;
		};
/* End PBXFrameworksBuildPhase section */

/* Begin PBXGroup section */
		9F694B2122A8F8E60020944E = {
			isa = PBXGroup;
			children = (
				9F694B4B22A8F9ED0020944E /* README.md */,
				9F694B2C22A8F8E60020944E /* SwiftUI-TableView */,
				9F694B2B22A8F8E60020944E /* Products */,
			);
			sourceTree = "<group>";
		};
		9F694B2B22A8F8E60020944E /* Products */ = {
			isa = PBXGroup;
			children = (
				9F694B2A22A8F8E60020944E /* SwiftUI-TableView.app */,
			);
			name = Products;
			sourceTree = "<group>";
		};
		9F694B2C22A8F8E60020944E /* SwiftUI-TableView */ = {
			isa = PBXGroup;
			children = (
				9F694B2D22A8F8E60020944E /* AppDelegate.swift */,
				9F694B2F22A8F8E60020944E /* SceneDelegate.swift */,
				9F694B4122A8F91F0020944E /* ListModel.swift */,
				9F694B4722A8F95D0020944E /* ListView.swift */,
				9F694B4922A8F9930020944E /* DetailView.swift */,
				9F694B3322A8F8EA0020944E /* Assets.xcassets */,
				9F694B3822A8F8EA0020944E /* LaunchScreen.storyboard */,
				9F694B3B22A8F8EA0020944E /* Info.plist */,
				9F694B3522A8F8EA0020944E /* Preview Content */,
			);
			path = "SwiftUI-TableView";
			sourceTree = "<group>";
		};
		9F694B3522A8F8EA0020944E /* Preview Content */ = {
			isa = PBXGroup;
			children = (
				9F694B3622A8F8EA0020944E /* Preview Assets.xcassets */,
			);
			path = "Preview Content";
			sourceTree = "<group>";
		};
/* End PBXGroup section */

/* Begin PBXNativeTarget section */
		9F694B2922A8F8E60020944E /* SwiftUI-TableView */ = {
			isa = PBXNativeTarget;
			buildConfigurationList = 9F694B3E22A8F8EA0020944E /* Build configuration list for PBXNativeTarget "SwiftUI-TableView" */;
			buildPhases = (
				9F694B2622A8F8E60020944E /* Sources */,
				9F694B2722A8F8E60020944E /* Frameworks */,
				9F694B2822A8F8E60020944E /* Resources */,
			);
			buildRules = (
			);
			dependencies = (
			);
			name = "SwiftUI-TableView";
			productName = "SwiftUI-TableView";
			productReference = 9F694B2A22A8F8E60020944E /* SwiftUI-TableView.app */;
			productType = "com.apple.product-type.application";
		};
/* End PBXNativeTarget section */

/* Begin PBXProject section */
		9F694B2222A8F8E60020944E /* Project object */ = {
			isa = PBXProject;
			attributes = {
				LastSwiftUpdateCheck = 1100;
				LastUpgradeCheck = 1100;
				ORGANIZATIONNAME = "Shivank Agarwal";
				TargetAttributes = {
					9F694B2922A8F8E60020944E = {
						CreatedOnToolsVersion = 11.0;
					};
				};
			};
			buildConfigurationList = 9F694B2522A8F8E60020944E /* Build configuration list for PBXProject "SwiftUI-TableView" */;
			compatibilityVersion = "Xcode 9.3";
			developmentRegion = en;
			hasScannedForEncodings = 0;
			knownRegions = (
				en,
				Base,
			);
			mainGroup = 9F694B2122A8F8E60020944E;
			productRefGroup = 9F694B2B22A8F8E60020944E /* Products */;
			projectDirPath = "";
			projectRoot = "";
			targets = (
				9F694B2922A8F8E60020944E /* SwiftUI-TableView */,
			);
		};
/* End PBXProject section */

/* Begin PBXResourcesBuildPhase section */
		9F694B2822A8F8E60020944E /* Resources */ = {
			isa = PBXResourcesBuildPhase;
			buildActionMask = 2147483647;
			files = (
				9F694B3A22A8F8EA0020944E /* LaunchScreen.storyboard in Resources */,
				9F694B3722A8F8EA0020944E /* Preview Assets.xcassets in Resources */,
				9F694B4C22A8F9ED0020944E /* README.md in Resources */,
				9F694B3422A8F8EA0020944E /* Assets.xcassets in Resources */,
			);
			runOnlyForDeploymentPostprocessing = 0;
		};
/* End PBXResourcesBuildPhase section */

/* Begin PBXSourcesBuildPhase section */
		9F694B2622A8F8E60020944E /* Sources */ = {
			isa = PBXSourcesBuildPhase;
			buildActionMask = 2147483647;
			files = (
				9F694B2E22A8F8E60020944E /* AppDelegate.swift in Sources */,
				9F694B4A22A8F9930020944E /* DetailView.swift in Sources */,
				9F694B4822A8F95D0020944E /* ListView.swift in Sources */,
				9F694B3022A8F8E60020944E /* SceneDelegate.swift in Sources */,
				9F694B4222A8F91F0020944E /* ListModel.swift in Sources */,
			);
			runOnlyForDeploymentPostprocessing = 0;
		};
/* End PBXSourcesBuildPhase section */

/* Begin PBXVariantGroup section */
		9F694B3822A8F8EA0020944E /* LaunchScreen.storyboard */ = {
			isa = PBXVariantGroup;
			children = (
				9F694B3922A8F8EA0020944E /* Base */,
			);
			name = LaunchScreen.storyboard;
			sourceTree = "<group>";
		};
/* End PBXVariantGroup section */

/* Begin XCBuildConfiguration section */
		9F694B3C22A8F8EA0020944E /* Debug */ = {
			isa = XCBuildConfiguration;
			buildSettings = {
				ALWAYS_SEARCH_USER_PATHS = NO;
				CLANG_ANALYZER_NONNULL = YES;
				CLANG_ANALYZER_NUMBER_OBJECT_CONVERSION = YES_AGGRESSIVE;
				CLANG_CXX_LANGUAGE_STANDARD = "gnu++14";
				CLANG_CXX_LIBRARY = "libc++";
				CLANG_ENABLE_MODULES = YES;
				CLANG_ENABLE_OBJC_ARC = YES;
				CLANG_ENABLE_OBJC_WEAK = YES;
				CLANG_WARN_BLOCK_CAPTURE_AUTORELEASING = YES;
				CLANG_WARN_BOOL_CONVERSION = YES;
				CLANG_WARN_COMMA = YES;
				CLANG_WARN_CONSTANT_CONVERSION = YES;
				CLANG_WARN_DEPRECATED_OBJC_IMPLEMENTATIONS = YES;
				CLANG_WARN_DIRECT_OBJC_ISA_USAGE = YES_ERROR;
				CLANG_WARN_DOCUMENTATION_COMMENTS = YES;
				CLANG_WARN_EMPTY_BODY = YES;
				CLANG_WARN_ENUM_CONVERSION = YES;
				CLANG_WARN_INFINITE_RECURSION = YES;
				CLANG_WARN_INT_CONVERSION = YES;
				CLANG_WARN_NON_LITERAL_NULL_CONVERSION = YES;
				CLANG_WARN_OBJC_IMPLICIT_RETAIN_SELF = YES;
				CLANG_WARN_OBJC_LITERAL_CONVERSION = YES;
				CLANG_WARN_OBJC_ROOT_CLASS = YES_ERROR;
				CLANG_WARN_RANGE_LOOP_ANALYSIS = YES;
				CLANG_WARN_STRICT_PROTOTYPES = YES;
				CLANG_WARN_SUSPICIOUS_MOVE = YES;
				CLANG_WARN_UNGUARDED_AVAILABILITY = YES_AGGRESSIVE;
				CLANG_WARN_UNREACHABLE_CODE = YES;
				CLANG_WARN__DUPLICATE_METHOD_MATCH = YES;
				COPY_PHASE_STRIP = NO;
				DEBUG_INFORMATION_FORMAT = dwarf;
				ENABLE_STRICT_OBJC_MSGSEND = YES;
				ENABLE_TESTABILITY = YES;
				GCC_C_LANGUAGE_STANDARD = gnu11;
				GCC_DYNAMIC_NO_PIC = NO;
				GCC_NO_COMMON_BLOCKS = YES;
				GCC_OPTIMIZATION_LEVEL = 0;
				GCC_PREPROCESSOR_DEFINITIONS = (
					"DEBUG=1",
					"$(inherited)",
				);
				GCC_WARN_64_TO_32_BIT_CONVERSION = YES;
				GCC_WARN_ABOUT_RETURN_TYPE = YES_ERROR;
				GCC_WARN_UNDECLARED_SELECTOR = YES;
				GCC_WARN_UNINITIALIZED_AUTOS = YES_AGGRESSIVE;
				GCC_WARN_UNUSED_FUNCTION = YES;
				GCC_WARN_UNUSED_VARIABLE = YES;
				IPHONEOS_DEPLOYMENT_TARGET = 13.0;
				MTL_ENABLE_DEBUG_INFO = INCLUDE_SOURCE;
				MTL_FAST_MATH = YES;
				ONLY_ACTIVE_ARCH = YES;
				SDKROOT = iphoneos;
				SWIFT_ACTIVE_COMPILATION_CONDITIONS = DEBUG;
				SWIFT_OPTIMIZATION_LEVEL = "-Onone";
			};
			name = Debug;
		};
		9F694B3D22A8F8EA0020944E /* Release */ = {
			isa = XCBuildConfiguration;
			buildSettings = {
				ALWAYS_SEARCH_USER_PATHS = NO;
				CLANG_ANALYZER_NONNULL = YES;
				CLANG_ANALYZER_NUMBER_OBJECT_CONVERSION = YES_AGGRESSIVE;
				CLANG_CXX_LANGUAGE_STANDARD = "gnu++14";
				CLANG_CXX_LIBRARY = "libc++";
				CLANG_ENABLE_MODULES = YES;
				CLANG_ENABLE_OBJC_ARC = YES;
				CLANG_ENABLE_OBJC_WEAK = YES;
				CLANG_WARN_BLOCK_CAPTURE_AUTORELEASING = YES;
				CLANG_WARN_BOOL_CONVERSION = YES;
				CLANG_WARN_COMMA = YES;
				CLANG_WARN_CONSTANT_CONVERSION = YES;
				CLANG_WARN_DEPRECATED_OBJC_IMPLEMENTATIONS = YES;
				CLANG_WARN_DIRECT_OBJC_ISA_USAGE = YES_ERROR;
				CLANG_WARN_DOCUMENTATION_COMMENTS = YES;
				CLANG_WARN_EMPTY_BODY = YES;
				CLANG_WARN_ENUM_CONVERSION = YES;
				CLANG_WARN_INFINITE_RECURSION = YES;
				CLANG_WARN_INT_CONVERSION = YES;
				CLANG_WARN_NON_LITERAL_NULL_CONVERSION = YES;
				CLANG_WARN_OBJC_IMPLICIT_RETAIN_SELF = YES;
				CLANG_WARN_OBJC_LITERAL_CONVERSION = YES;
				CLANG_WARN_OBJC_ROOT_CLASS = YES_ERROR;
				CLANG_WARN_RANGE_LOOP_ANALYSIS = YES;
				CLANG_WARN_STRICT_PROTOTYPES = YES;
				CLANG_WARN_SUSPICIOUS_MOVE = YES;
				CLANG_WARN_UNGUARDED_AVAILABILITY = YES_AGGRESSIVE;
				CLANG_WARN_UNREACHABLE_CODE = YES;
				CLANG_WARN__DUPLICATE_METHOD_MATCH = YES;
				COPY_PHASE_STRIP = NO;
				DEBUG_INFORMATION_FORMAT = "dwarf-with-dsym";
				ENABLE_NS_ASSERTIONS = NO;
				ENABLE_STRICT_OBJC_MSGSEND = YES;
				GCC_C_LANGUAGE_STANDARD = gnu11;
				GCC_NO_COMMON_BLOCKS = YES;
				GCC_WARN_64_TO_32_BIT_CONVERSION = YES;
				GCC_WARN_ABOUT_RETURN_TYPE = YES_ERROR;
				GCC_WARN_UNDECLARED_SELECTOR = YES;
				GCC_WARN_UNINITIALIZED_AUTOS = YES_AGGRESSIVE;
				GCC_WARN_UNUSED_FUNCTION = YES;
				GCC_WARN_UNUSED_VARIABLE = YES;
				IPHONEOS_DEPLOYMENT_TARGET = 13.0;
				MTL_ENABLE_DEBUG_INFO = NO;
				MTL_FAST_MATH = YES;
				SDKROOT = iphoneos;
				SWIFT_COMPILATION_MODE = wholemodule;
				SWIFT_OPTIMIZATION_LEVEL = "-O";
				VALIDATE_PRODUCT = YES;
			};
			name = Release;
		};
		9F694B3F22A8F8EA0020944E /* Debug */ = {
			isa = XCBuildConfiguration;
			buildSettings = {
				ASSETCATALOG_COMPILER_APPICON_NAME = AppIcon;
				CODE_SIGN_STYLE = Automatic;
				DEVELOPMENT_ASSET_PATHS = "SwiftUI-TableView/Preview\\ Content";
				ENABLE_PREVIEWS = YES;
				INFOPLIST_FILE = "SwiftUI-TableView/Info.plist";
				LD_RUNPATH_SEARCH_PATHS = (
					"$(inherited)",
					"@executable_path/Frameworks",
				);
				PRODUCT_BUNDLE_IDENTIFIER = "Shivank.SwiftUI-TableView";
				PRODUCT_NAME = "$(TARGET_NAME)";
				SWIFT_VERSION = 5.0;
				TARGETED_DEVICE_FAMILY = "1,2";
			};
			name = Debug;
		};
		9F694B4022A8F8EA0020944E /* Release */ = {
			isa = XCBuildConfiguration;
			buildSettings = {
				ASSETCATALOG_COMPILER_APPICON_NAME = AppIcon;
				CODE_SIGN_STYLE = Automatic;
				DEVELOPMENT_ASSET_PATHS = "SwiftUI-TableView/Preview\\ Content";
				ENABLE_PREVIEWS = YES;
				INFOPLIST_FILE = "SwiftUI-TableView/Info.plist";
				LD_RUNPATH_SEARCH_PATHS = (
					"$(inherited)",
					"@executable_path/Frameworks",
				);
				PRODUCT_BUNDLE_IDENTIFIER = "Shivank.SwiftUI-TableView";
				PRODUCT_NAME = "$(TARGET_NAME)";
				SWIFT_VERSION = 5.0;
				TARGETED_DEVICE_FAMILY = "1,2";
			};
			name = Release;
		};
/* End XCBuildConfiguration section */

/* Begin XCConfigurationList section */
		9F694B2522A8F8E60020944E /* Build configuration list for PBXProject "SwiftUI-TableView" */ = {
			isa = XCConfigurationList;
			buildConfigurations = (
				9F694B3C22A8F8EA0020944E /* Debug */,
				9F694B3D22A8F8EA0020944E /* Release */,
			);
			defaultConfigurationIsVisible = 0;
			defaultConfigurationName = Release;
		};
		9F694B3E22A8F8EA0020944E /* Build configuration list for PBXNativeTarget "SwiftUI-TableView" */ = {
			isa = XCConfigurationList;
			buildConfigurations = (
				9F694B3F22A8F8EA0020944E /* Debug */,
				9F694B4022A8F8EA0020944E /* Release */,
			);
			defaultConfigurationIsVisible = 0;
			defaultConfigurationName = Release;
		};
/* End XCConfigurationList section */
	};
	rootObject = 9F694B2222A8F8E60020944E /* Project object */;
}
